
Microsoft Visual Studio Solution File, Format Version 12.00
# Visual Studio Version 16
VisualStudioVersion = 16.0.31205.134
MinimumVisualStudioVersion = 10.0.40219.1
Project("{9A19103F-16F7-4668-BE54-9A1E7A4F7556}") = "CabinvoiceGenerator", "CabinvoiceGenerator\CabinvoiceGenerator.csproj", "{01363942-B329-4F22-A1ED-7C95964A422A}"
EndProject
Project("{FAE04EC0-301F-11D3-BF4B-00C04F79EFBC}") = "CabInvoiceGeneratorTest", "CabInvoiceGeneratorTest\CabInvoiceGeneratorTest.csproj", "{3F736FFC-AE6E-4EB4-8973-64D45C17460C}"
EndProject
Global
	GlobalSection(SolutionConfigurationPlatforms) = preSolution
		Debug|Any CPU = Debug|Any CPU
		Release|Any CPU = Release|Any CPU
	EndGlobalSection
	GlobalSection(ProjectConfigurationPlatforms) = postSolution
		{01363942-B329-4F22-A1ED-7C95964A422A}.Debug|Any CPU.ActiveCfg = Debug|Any CPU
		{01363942-B329-4F22-A1ED-7C95964A422A}.Debug|Any CPU.Build.0 = Debug|Any CPU
		{01363942-B329-4F22-A1ED-7C95964A422A}.Release|Any CPU.ActiveCfg = Release|Any CPU
		{01363942-B329-4F22-A1ED-7C95964A422A}.Release|Any CPU.Build.0 = Release|Any CPU
		{3F736FFC-AE6E-4EB4-8973-64D45C17460C}.Debug|Any CPU.ActiveCfg = Debug|Any CPU
		{3F736FFC-AE6E-4EB4-8973-64D45C17460C}.Debug|Any CPU.Build.0 = Debug|Any CPU
		{3F736FFC-AE6E-4EB4-8973-64D45C17460C}.Release|Any CPU.ActiveCfg = Release|Any CPU
		{3F736FFC-AE6E-4EB4-8973-64D45C17460C}.Release|Any CPU.Build.0 = Release|Any CPU
	EndGlobalSection
	GlobalSection(SolutionProperties) = preSolution
		HideSolutionNode = FALSE
	EndGlobalSection
	GlobalSection(ExtensibilityGlobals) = postSolution
		SolutionGuid = {7148D49B-AEC1-4D1D-ABC9-5BE86708558D}
	EndGlobalSection
EndGlobal
